<?xml version="1.0" encoding="utf-8"?>
<Project ToolsVersion="4.0" xmlns="http://schemas.microsoft.com/developer/msbuild/2003">
  <ItemGroup>
    <Filter Include="lib">
      <UniqueIdentifier>{3C8C880B-A895-887C-3111-9F7C9D19947C}</UniqueIdentifier>
    </Filter>
    <Filter Include="lib\x64">
      <UniqueIdentifier>{AD154879-19F5-C614-220D-52EB8E6B2D76}</UniqueIdentifier>
    </Filter>
    <Filter Include="lib\x64\GLFW">
      <UniqueIdentifier>{0C65A419-F8C7-33BE-A14D-6C748D8FFF40}</UniqueIdentifier>
    </Filter>
    <Filter Include="lib\x86">
      <UniqueIdentifier>{F1154879-5DF5-C614-660D-52EBD26B2D76}</UniqueIdentifier>
    </Filter>
    <Filter Include="lib\x86\GLFW">
      <UniqueIdentifier>{D02F43B8-BC92-D25C-6518-0B13515A9EDF}</UniqueIdentifier>
    </Filter>
    <Filter Include="src">
      <UniqueIdentifier>{2DAB880B-99B4-887C-2230-9F7C8E38947C}</UniqueIdentifier>
    </Filter>
    <Filter Include="src\Shaders">
      <UniqueIdentifier>{06ADC7FB-7262-40F1-FB56-3AC8670B37F5}</UniqueIdentifier>
    </Filter>
  </ItemGroup>
  <ItemGroup>
    <ClInclude Include="src\DXGIFormatHelper.h">
      <Filter>src</Filter>
    </ClInclude>
    <ClInclude Include="src\GLWindow.h">
      <Filter>src</Filter>
    </ClInclude>
    <ClInclude Include="src\GPUDevice.h">
      <Filter>src</Filter>
    </ClInclude>
    <ClInclude Include="src\GPUScheduler.h">
      <Filter>src</Filter>
    </ClInclude>
    <ClInclude Include="src\Header.h">
      <Filter>src</Filter>
    </ClInclude>
    <ClInclude Include="src\PipelineState.h">
      <Filter>src</Filter>
    </ClInclude>
    <ClInclude Include="src\Raytracer.h">
      <Filter>src</Filter>
    </ClInclude>
    <ClInclude Include="src\RaytracerMesh.h">
      <Filter>src</Filter>
    </ClInclude>
    <ClInclude Include="src\RaytracerPipeline.h">
      <Filter>src</Filter>
    </ClInclude>
    <ClInclude Include="src\RenderTarget.h">
      <Filter>src</Filter>
    </ClInclude>
    <ClInclude Include="src\ShaderResources.h">
      <Filter>src</Filter>
    </ClInclude>
    <ClInclude Include="src\TextureAtlas.h">
      <Filter>src</Filter>
    </ClInclude>
    <ClInclude Include="src\TextureToScreenPass.h">
      <Filter>src</Filter>
    </ClInclude>
    <ClInclude Include="src\Win32Window.h">
      <Filter>src</Filter>
    </ClInclude>
  </ItemGroup>
  <ItemGroup>
    <ClCompile Include="src\DXGIFormatHelper.cpp">
      <Filter>src</Filter>
    </ClCompile>
    <ClCompile Include="src\GLWindow.cpp">
      <Filter>src</Filter>
    </ClCompile>
    <ClCompile Include="src\GPUDevice.cpp">
      <Filter>src</Filter>
    </ClCompile>
    <ClCompile Include="src\GPUScheduler.cpp">
      <Filter>src</Filter>
    </ClCompile>
    <ClCompile Include="src\Main.cpp">
      <Filter>src</Filter>
    </ClCompile>
    <ClCompile Include="src\PipelineState.cpp">
      <Filter>src</Filter>
    </ClCompile>
    <ClCompile Include="src\Raytracer.cpp">
      <Filter>src</Filter>
    </ClCompile>
    <ClCompile Include="src\RaytracerMesh.cpp">
      <Filter>src</Filter>
    </ClCompile>
    <ClCompile Include="src\RaytracerPipeline.cpp">
      <Filter>src</Filter>
    </ClCompile>
    <ClCompile Include="src\RenderTarget.cpp">
      <Filter>src</Filter>
    </ClCompile>
    <ClCompile Include="src\TextureAtlas.cpp">
      <Filter>src</Filter>
    </ClCompile>
    <ClCompile Include="src\TextureToScreenPass.cpp">
      <Filter>src</Filter>
    </ClCompile>
    <ClCompile Include="src\Win32Window.cpp">
      <Filter>src</Filter>
    </ClCompile>
  </ItemGroup>
  <ItemGroup>
    <FxCompile Include="src\Shaders\CS_BVHBuild.hlsl">
      <Filter>src\Shaders</Filter>
    </FxCompile>
    <FxCompile Include="src\Shaders\CS_BVHBuildLeaves.hlsl">
      <Filter>src\Shaders</Filter>
    </FxCompile>
    <FxCompile Include="src\Shaders\CS_CameraRayGeneration.hlsl">
      <Filter>src\Shaders</Filter>
    </FxCompile>
    <FxCompile Include="src\Shaders\CS_GenerateFinalImage.hlsl">
      <Filter>src\Shaders</Filter>
    </FxCompile>
    <FxCompile Include="src\Shaders\CS_GenerateMortonCodes.hlsl">
      <Filter>src\Shaders</Filter>
    </FxCompile>
    <FxCompile Include="src\Shaders\CS_Intersection.hlsl">
      <Filter>src\Shaders</Filter>
    </FxCompile>
    <FxCompile Include="src\Shaders\CS_SortCount.hlsl">
      <Filter>src\Shaders</Filter>
    </FxCompile>
    <FxCompile Include="src\Shaders\CS_SortPrefixSum.hlsl">
      <Filter>src\Shaders</Filter>
    </FxCompile>
    <FxCompile Include="src\Shaders\CS_SortSort.hlsl">
      <Filter>src\Shaders</Filter>
    </FxCompile>
    <FxCompile Include="src\Shaders\CS_TraceRays.hlsl">
      <Filter>src\Shaders</Filter>
    </FxCompile>
    <FxCompile Include="src\Shaders\PS_FullscreenPass.hlsl">
      <Filter>src\Shaders</Filter>
    </FxCompile>
    <FxCompile Include="src\Shaders\VS_FullscreenPass.hlsl">
      <Filter>src\Shaders</Filter>
    </FxCompile>
  </ItemGroup>
  <ItemGroup>
    <None Include="lib\x64\GLFW\glfw3.lib">
      <Filter>lib\x64\GLFW</Filter>
    </None>
    <None Include="lib\x86\GLFW\glfw3.lib">
      <Filter>lib\x86\GLFW</Filter>
    </None>
    <None Include="src\Shaders\FullscreenPass.hlsli">
      <Filter>src\Shaders</Filter>
    </None>
    <None Include="src\Shaders\PerRayShading.hlsli">
      <Filter>src\Shaders</Filter>
    </None>
    <None Include="src\Shaders\Random.hlsli">
      <Filter>src\Shaders</Filter>
    </None>
    <None Include="src\Shaders\Raytracer.hlsli">
      <Filter>src\Shaders</Filter>
    </None>
    <None Include="src\Shaders\Sort.hlsli">
      <Filter>src\Shaders</Filter>
    </None>
  </ItemGroup>
</Project>