<?xml version="1.0" encoding="utf-8"?>
<Project ToolsVersion="4.0" xmlns="http://schemas.microsoft.com/developer/msbuild/2003">
  <ItemGroup>
    <Filter Include="Quelldateien">
      <UniqueIdentifier>{4FC737F1-C7A5-4376-A066-2A32D752A2FF}</UniqueIdentifier>
      <Extensions>cpp;c;cc;cxx;c++;cppm;ixx;def;odl;idl;hpj;bat;asm;asmx</Extensions>
    </Filter>
    <Filter Include="Ressourcendateien">
      <UniqueIdentifier>{67DA6AB6-F800-4c08-8B7A-83BB121AAD01}</UniqueIdentifier>
      <Extensions>rc;ico;cur;bmp;dlg;rc2;rct;bin;rgs;gif;jpg;jpeg;jpe;resx;tiff;tif;png;wav;mfcribbon-ms</Extensions>
    </Filter>
    <Filter Include="GraphicsAPI">
      <UniqueIdentifier>{8285e3eb-56bd-4cbd-8f33-d911325340ae}</UniqueIdentifier>
    </Filter>
    <Filter Include="Shader">
      <UniqueIdentifier>{a2596711-02f7-424d-9337-5091b6c554fb}</UniqueIdentifier>
    </Filter>
  </ItemGroup>
  <ItemGroup>
    <ClCompile Include="Main.cpp">
      <Filter>Quelldateien</Filter>
    </ClCompile>
    <ClCompile Include="GLWindow.cpp">
      <Filter>GraphicsAPI</Filter>
    </ClCompile>
    <ClCompile Include="GPUDevice.cpp">
      <Filter>GraphicsAPI</Filter>
    </ClCompile>
    <ClCompile Include="Raytracer.cpp">
      <Filter>GraphicsAPI</Filter>
    </ClCompile>
    <ClCompile Include="Win32Window.cpp">
      <Filter>GraphicsAPI</Filter>
    </ClCompile>
    <ClCompile Include="RenderTarget.cpp">
      <Filter>GraphicsAPI</Filter>
    </ClCompile>
    <ClCompile Include="GPUScheduler.cpp">
      <Filter>GraphicsAPI</Filter>
    </ClCompile>
    <ClCompile Include="PipelineState.cpp">
      <Filter>GraphicsAPI</Filter>
    </ClCompile>
    <ClCompile Include="DXGIFormatHelper.cpp">
      <Filter>GraphicsAPI</Filter>
    </ClCompile>
    <ClCompile Include="RaytracerMesh.cpp">
      <Filter>GraphicsAPI</Filter>
    </ClCompile>
    <ClCompile Include="TextureToScreenPass.cpp">
      <Filter>GraphicsAPI</Filter>
    </ClCompile>
    <ClCompile Include="RaytracerPipeline.cpp">
      <Filter>GraphicsAPI</Filter>
    </ClCompile>
    <ClCompile Include="TextureAtlas.cpp">
      <Filter>GraphicsAPI</Filter>
    </ClCompile>
  </ItemGroup>
  <ItemGroup>
    <ClInclude Include="GLWindow.h">
      <Filter>GraphicsAPI</Filter>
    </ClInclude>
    <ClInclude Include="GPUDevice.h">
      <Filter>GraphicsAPI</Filter>
    </ClInclude>
    <ClInclude Include="Raytracer.h">
      <Filter>GraphicsAPI</Filter>
    </ClInclude>
    <ClInclude Include="Win32Window.h">
      <Filter>GraphicsAPI</Filter>
    </ClInclude>
    <ClInclude Include="RenderTarget.h">
      <Filter>GraphicsAPI</Filter>
    </ClInclude>
    <ClInclude Include="GPUScheduler.h">
      <Filter>GraphicsAPI</Filter>
    </ClInclude>
    <ClInclude Include="PipelineState.h">
      <Filter>GraphicsAPI</Filter>
    </ClInclude>
    <ClInclude Include="ShaderResources.h">
      <Filter>GraphicsAPI</Filter>
    </ClInclude>
    <ClInclude Include="DXGIFormatHelper.h">
      <Filter>GraphicsAPI</Filter>
    </ClInclude>
    <ClInclude Include="RaytracerMesh.h">
      <Filter>GraphicsAPI</Filter>
    </ClInclude>
    <ClInclude Include="TextureToScreenPass.h">
      <Filter>GraphicsAPI</Filter>
    </ClInclude>
    <ClInclude Include="RaytracerPipeline.h">
      <Filter>GraphicsAPI</Filter>
    </ClInclude>
    <ClInclude Include="TextureAtlas.h">
      <Filter>GraphicsAPI</Filter>
    </ClInclude>
  </ItemGroup>
  <ItemGroup>
    <FxCompile Include="CS_Intersection.hlsl">
      <Filter>Shader</Filter>
    </FxCompile>
    <FxCompile Include="VS_FullscreenPass.hlsl">
      <Filter>Shader</Filter>
    </FxCompile>
    <FxCompile Include="PS_FullscreenPass.hlsl">
      <Filter>Shader</Filter>
    </FxCompile>
    <FxCompile Include="CS_CameraRayGeneration.hlsl">
      <Filter>Shader</Filter>
    </FxCompile>
    <FxCompile Include="CS_TraceRays.hlsl">
      <Filter>Shader</Filter>
    </FxCompile>
    <FxCompile Include="CS_GenerateFinalImage.hlsl">
      <Filter>Shader</Filter>
    </FxCompile>
    <FxCompile Include="CS_RayGeneration.hlsl">
      <Filter>Shader</Filter>
    </FxCompile>
    <FxCompile Include="CS_SortCount.hlsl">
      <Filter>Shader</Filter>
    </FxCompile>
    <FxCompile Include="CS_SortPrefixSum.hlsl">
      <Filter>Shader</Filter>
    </FxCompile>
    <FxCompile Include="CS_SortSort.hlsl">
      <Filter>Shader</Filter>
    </FxCompile>
    <FxCompile Include="CS_BVHBuildLeaves.hlsl">
      <Filter>Shader</Filter>
    </FxCompile>
    <FxCompile Include="CS_BVHBuild.hlsl">
      <Filter>Shader</Filter>
    </FxCompile>
    <FxCompile Include="CS_GenerateMortonCodes.hlsl">
      <Filter>Shader</Filter>
    </FxCompile>
  </ItemGroup>
  <ItemGroup>
    <None Include="FullscreenPass.hlsli">
      <Filter>Shader</Filter>
    </None>
    <None Include="Raytracer.hlsli">
      <Filter>Shader</Filter>
    </None>
    <None Include="PerRayShading.hlsli">
      <Filter>Shader</Filter>
    </None>
    <None Include="Random.hlsli">
      <Filter>Shader</Filter>
    </None>
    <None Include="Sort.hlsli">
      <Filter>Shader</Filter>
    </None>
  </ItemGroup>
</Project>